schema: '2.0'
stages:
  status:
    cmd: python code/00_status.py
  download:
    cmd: python code/01_download.py
    deps:
    - path: code/01_download.py
      hash: md5
      md5: 03b63774ca433e50ef222f35b826943a
      size: 555
    - path: status.txt
      hash: md5
      md5: 386705179ebe331fa00c2cb2d510ad5a
      size: 167822
    outs:
    - path: download/smrt_data.zip
      hash: md5
      md5: 06a13c7cf182b8be650feec1e620804b
      size: 1007003829
  process:
    cmd: python code/02_process.py
    deps:
    - path: code/02_process.py
      hash: md5
      md5: 5e746adccd6d4f20fa5c5f7cdcb34328
      size: 655
    - path: download/smrt_data.zip
      hash: md5
      md5: 06a13c7cf182b8be650feec1e620804b
      size: 1007003829
    outs:
    - path: brick/
      hash: md5
      md5: c66ba598b117d1c2c28a1cc4754cfe60.dir
      size: 6655466
      nfiles: 1
