schema: '2.0'
stages:
  status:
    cmd: python code/00_status.py
    deps:
    - path: code/00_status.py
      hash: md5
      md5: 95a09d63c054eb185a1408771f4ee8a3
      size: 43
  download:
    cmd: python code/01_download.py
    deps:
    - path: code/01_download.py
      hash: md5
      md5: f82fd5fc2597b90ed411991180e4ac30
      size: 195
    outs:
    - path: download/
      hash: md5
      md5: d751713988987e9331980363e24189ce.dir
      size: 0
      nfiles: 0
  process:
    cmd: python code/02_process.py
    deps:
    - path: code/02_process.py
      hash: md5
      md5: c520d6a17cb1fb7e47155d606ce80701
      size: 197
    - path: download/
      hash: md5
      md5: d751713988987e9331980363e24189ce.dir
      size: 0
      nfiles: 0
    outs:
    - path: brick/
      hash: md5
      md5: d751713988987e9331980363e24189ce.dir
      size: 0
      nfiles: 0
